
Microsoft Visual Studio Solution File, Format Version 12.00
Project("{FAE04EC0-301F-11D3-BF4B-00C04F79EFBC}") = "TopDownTanky", "TopDownTanky\TopDownTanky.csproj", "{B5876C5F-F5FE-453B-999B-423C960EAFB9}"
EndProject
Global
	GlobalSection(SolutionConfigurationPlatforms) = preSolution
		Debug|Any CPU = Debug|Any CPU
		Release|Any CPU = Release|Any CPU
	EndGlobalSection
	GlobalSection(ProjectConfigurationPlatforms) = postSolution
		{B5876C5F-F5FE-453B-999B-423C960EAFB9}.Debug|Any CPU.ActiveCfg = Debug|Any CPU
		{B5876C5F-F5FE-453B-999B-423C960EAFB9}.Debug|Any CPU.Build.0 = Debug|Any CPU
		{B5876C5F-F5FE-453B-999B-423C960EAFB9}.Release|Any CPU.ActiveCfg = Release|Any CPU
		{B5876C5F-F5FE-453B-999B-423C960EAFB9}.Release|Any CPU.Build.0 = Release|Any CPU
	EndGlobalSection
EndGlobal
